// !$*UTF8*$!
{
	archiveVersion = 1;
	classes = {
	};
	objectVersion = 56;
	objects = {

/* Begin PBXBuildFile section */
		99496AC62907821400B1C23B /* Chapter26PracticeApp.swift in Sources */ = {isa = PBXBuildFile; fileRef = 99496AC52907821400B1C23B /* Chapter26PracticeApp.swift */; };
		99496AC82907821400B1C23B /* ContentView.swift in Sources */ = {isa = PBXBuildFile; fileRef = 99496AC72907821400B1C23B /* ContentView.swift */; };
		99496ACA2907821400B1C23B /* Assets.xcassets in Resources */ = {isa = PBXBuildFile; fileRef = 99496AC92907821400B1C23B /* Assets.xcassets */; };
		99496ACD2907821400B1C23B /* Preview Assets.xcassets in Resources */ = {isa = PBXBuildFile; fileRef = 99496ACC2907821400B1C23B /* Preview Assets.xcassets */; };
		99496AD6290782CE00B1C23B /* Car.swift in Sources */ = {isa = PBXBuildFile; fileRef = 99496AD5290782CE00B1C23B /* Car.swift */; };
		9985A312290783B60084D6C2 /* carData.json in Resources */ = {isa = PBXBuildFile; fileRef = 9985A311290783B60084D6C2 /* carData.json */; };
		9985A314290784120084D6C2 /* CarData.swift in Sources */ = {isa = PBXBuildFile; fileRef = 9985A313290784120084D6C2 /* CarData.swift */; };
		9985A316290797FC0084D6C2 /* CarStore.swift in Sources */ = {isa = PBXBuildFile; fileRef = 9985A315290797FC0084D6C2 /* CarStore.swift */; };
		99A8F95B29079B5400AC300D /* CarDetail.swift in Sources */ = {isa = PBXBuildFile; fileRef = 99A8F95A29079B5400AC300D /* CarDetail.swift */; };
		99A8F95D29079F1800AC300D /* AddNewCar.swift in Sources */ = {isa = PBXBuildFile; fileRef = 99A8F95C29079F1800AC300D /* AddNewCar.swift */; };
/* End PBXBuildFile section */

/* Begin PBXFileReference section */
		99496AC22907821400B1C23B /* Chapter26Practice.app */ = {isa = PBXFileReference; explicitFileType = wrapper.application; includeInIndex = 0; path = Chapter26Practice.app; sourceTree = BUILT_PRODUCTS_DIR; };
		99496AC52907821400B1C23B /* Chapter26PracticeApp.swift */ = {isa = PBXFileReference; lastKnownFileType = sourcecode.swift; path = Chapter26PracticeApp.swift; sourceTree = "<group>"; };
		99496AC72907821400B1C23B /* ContentView.swift */ = {isa = PBXFileReference; lastKnownFileType = sourcecode.swift; path = ContentView.swift; sourceTree = "<group>"; };
		99496AC92907821400B1C23B /* Assets.xcassets */ = {isa = PBXFileReference; lastKnownFileType = folder.assetcatalog; path = Assets.xcassets; sourceTree = "<group>"; };
		99496ACC2907821400B1C23B /* Preview Assets.xcassets */ = {isa = PBXFileReference; lastKnownFileType = folder.assetcatalog; path = "Preview Assets.xcassets"; sourceTree = "<group>"; };
		99496AD5290782CE00B1C23B /* Car.swift */ = {isa = PBXFileReference; lastKnownFileType = sourcecode.swift; name = Car.swift; path = ../Car.swift; sourceTree = "<group>"; };
		9985A311290783B60084D6C2 /* carData.json */ = {isa = PBXFileReference; fileEncoding = 4; lastKnownFileType = text.json; name = carData.json; path = ../../ListNavDemo/ListNavDemo/carData.json; sourceTree = "<group>"; };
		9985A313290784120084D6C2 /* CarData.swift */ = {isa = PBXFileReference; lastKnownFileType = sourcecode.swift; path = CarData.swift; sourceTree = "<group>"; };
		9985A315290797FC0084D6C2 /* CarStore.swift */ = {isa = PBXFileReference; lastKnownFileType = sourcecode.swift; path = CarStore.swift; sourceTree = "<group>"; };
		99A8F95A29079B5400AC300D /* CarDetail.swift */ = {isa = PBXFileReference; lastKnownFileType = sourcecode.swift; path = CarDetail.swift; sourceTree = "<group>"; };
		99A8F95C29079F1800AC300D /* AddNewCar.swift */ = {isa = PBXFileReference; lastKnownFileType = sourcecode.swift; path = AddNewCar.swift; sourceTree = "<group>"; };
/* End PBXFileReference section */

/* Begin PBXFrameworksBuildPhase section */
		99496ABF2907821400B1C23B /* Frameworks */ = {
			isa = PBXFrameworksBuildPhase;
			buildActionMask = 2147483647;
			files = (
			);
			runOnlyForDeploymentPostprocessing = 0;
		};
/* End PBXFrameworksBuildPhase section */

/* Begin PBXGroup section */
		99496AB92907821400B1C23B = {
			isa = PBXGroup;
			children = (
				99496AC42907821400B1C23B /* Chapter26Practice */,
				99496AC32907821400B1C23B /* Products */,
			);
			sourceTree = "<group>";
		};
		99496AC32907821400B1C23B /* Products */ = {
			isa = PBXGroup;
			children = (
				99496AC22907821400B1C23B /* Chapter26Practice.app */,
			);
			name = Products;
			sourceTree = "<group>";
		};
		99496AC42907821400B1C23B /* Chapter26Practice */ = {
			isa = PBXGroup;
			children = (
				99A8F95A29079B5400AC300D /* CarDetail.swift */,
				9985A315290797FC0084D6C2 /* CarStore.swift */,
				9985A313290784120084D6C2 /* CarData.swift */,
				99496AD5290782CE00B1C23B /* Car.swift */,
				99496AC52907821400B1C23B /* Chapter26PracticeApp.swift */,
				99496AC72907821400B1C23B /* ContentView.swift */,
				99A8F95C29079F1800AC300D /* AddNewCar.swift */,
				99496AC92907821400B1C23B /* Assets.xcassets */,
				9985A311290783B60084D6C2 /* carData.json */,
				99496ACB2907821400B1C23B /* Preview Content */,
			);
			path = Chapter26Practice;
			sourceTree = "<group>";
		};
		99496ACB2907821400B1C23B /* Preview Content */ = {
			isa = PBXGroup;
			children = (
				99496ACC2907821400B1C23B /* Preview Assets.xcassets */,
			);
			path = "Preview Content";
			sourceTree = "<group>";
		};
/* End PBXGroup section */

/* Begin PBXNativeTarget section */
		99496AC12907821400B1C23B /* Chapter26Practice */ = {
			isa = PBXNativeTarget;
			buildConfigurationList = 99496AD02907821400B1C23B /* Build configuration list for PBXNativeTarget "Chapter26Practice" */;
			buildPhases = (
				99496ABE2907821400B1C23B /* Sources */,
				99496ABF2907821400B1C23B /* Frameworks */,
				99496AC02907821400B1C23B /* Resources */,
			);
			buildRules = (
			);
			dependencies = (
			);
			name = Chapter26Practice;
			productName = Chapter26Practice;
			productReference = 99496AC22907821400B1C23B /* Chapter26Practice.app */;
			productType = "com.apple.product-type.application";
		};
/* End PBXNativeTarget section */

/* Begin PBXProject section */
		99496ABA2907821400B1C23B /* Project object */ = {
			isa = PBXProject;
			attributes = {
				BuildIndependentTargetsInParallel = 1;
				LastSwiftUpdateCheck = 1400;
				LastUpgradeCheck = 1400;
				TargetAttributes = {
					99496AC12907821400B1C23B = {
						CreatedOnToolsVersion = 14.0.1;
					};
				};
			};
			buildConfigurationList = 99496ABD2907821400B1C23B /* Build configuration list for PBXProject "Chapter26Practice" */;
			compatibilityVersion = "Xcode 14.0";
			developmentRegion = en;
			hasScannedForEncodings = 0;
			knownRegions = (
				en,
				Base,
			);
			mainGroup = 99496AB92907821400B1C23B;
			productRefGroup = 99496AC32907821400B1C23B /* Products */;
			projectDirPath = "";
			projectRoot = "";
			targets = (
				99496AC12907821400B1C23B /* Chapter26Practice */,
			);
		};
/* End PBXProject section */

/* Begin PBXResourcesBuildPhase section */
		99496AC02907821400B1C23B /* Resources */ = {
			isa = PBXResourcesBuildPhase;
			buildActionMask = 2147483647;
			files = (
				99496ACD2907821400B1C23B /* Preview Assets.xcassets in Resources */,
				9985A312290783B60084D6C2 /* carData.json in Resources */,
				99496ACA2907821400B1C23B /* Assets.xcassets in Resources */,
			);
			runOnlyForDeploymentPostprocessing = 0;
		};
/* End PBXResourcesBuildPhase section */

/* Begin PBXSourcesBuildPhase section */
		99496ABE2907821400B1C23B /* Sources */ = {
			isa = PBXSourcesBuildPhase;
			buildActionMask = 2147483647;
			files = (
				9985A314290784120084D6C2 /* CarData.swift in Sources */,
				99496AC82907821400B1C23B /* ContentView.swift in Sources */,
				99496AC62907821400B1C23B /* Chapter26PracticeApp.swift in Sources */,
				99A8F95B29079B5400AC300D /* CarDetail.swift in Sources */,
				99A8F95D29079F1800AC300D /* AddNewCar.swift in Sources */,
				99496AD6290782CE00B1C23B /* Car.swift in Sources */,
				9985A316290797FC0084D6C2 /* CarStore.swift in Sources */,
			);
			runOnlyForDeploymentPostprocessing = 0;
		};
/* End PBXSourcesBuildPhase section */

/* Begin XCBuildConfiguration section */
		99496ACE2907821400B1C23B /* Debug */ = {
			isa = XCBuildConfiguration;
			buildSettings = {
				ALWAYS_SEARCH_USER_PATHS = NO;
				CLANG_ANALYZER_NONNULL = YES;
				CLANG_ANALYZER_NUMBER_OBJECT_CONVERSION = YES_AGGRESSIVE;
				CLANG_CXX_LANGUAGE_STANDARD = "gnu++20";
				CLANG_ENABLE_MODULES = YES;
				CLANG_ENABLE_OBJC_ARC = YES;
				CLANG_ENABLE_OBJC_WEAK = YES;
				CLANG_WARN_BLOCK_CAPTURE_AUTORELEASING = YES;
				CLANG_WARN_BOOL_CONVERSION = YES;
				CLANG_WARN_COMMA = YES;
				CLANG_WARN_CONSTANT_CONVERSION = YES;
				CLANG_WARN_DEPRECATED_OBJC_IMPLEMENTATIONS = YES;
				CLANG_WARN_DIRECT_OBJC_ISA_USAGE = YES_ERROR;
				CLANG_WARN_DOCUMENTATION_COMMENTS = YES;
				CLANG_WARN_EMPTY_BODY = YES;
				CLANG_WARN_ENUM_CONVERSION = YES;
				CLANG_WARN_INFINITE_RECURSION = YES;
				CLANG_WARN_INT_CONVERSION = YES;
				CLANG_WARN_NON_LITERAL_NULL_CONVERSION = YES;
				CLANG_WARN_OBJC_IMPLICIT_RETAIN_SELF = YES;
				CLANG_WARN_OBJC_LITERAL_CONVERSION = YES;
				CLANG_WARN_OBJC_ROOT_CLASS = YES_ERROR;
				CLANG_WARN_QUOTED_INCLUDE_IN_FRAMEWORK_HEADER = YES;
				CLANG_WARN_RANGE_LOOP_ANALYSIS = YES;
				CLANG_WARN_STRICT_PROTOTYPES = YES;
				CLANG_WARN_SUSPICIOUS_MOVE = YES;
				CLANG_WARN_UNGUARDED_AVAILABILITY = YES_AGGRESSIVE;
				CLANG_WARN_UNREACHABLE_CODE = YES;
				CLANG_WARN__DUPLICATE_METHOD_MATCH = YES;
				COPY_PHASE_STRIP = NO;
				DEBUG_INFORMATION_FORMAT = dwarf;
				ENABLE_STRICT_OBJC_MSGSEND = YES;
				ENABLE_TESTABILITY = YES;
				GCC_C_LANGUAGE_STANDARD = gnu11;
				GCC_DYNAMIC_NO_PIC = NO;
				GCC_NO_COMMON_BLOCKS = YES;
				GCC_OPTIMIZATION_LEVEL = 0;
				GCC_PREPROCESSOR_DEFINITIONS = (
					"DEBUG=1",
					"$(inherited)",
				);
				GCC_WARN_64_TO_32_BIT_CONVERSION = YES;
				GCC_WARN_ABOUT_RETURN_TYPE = YES_ERROR;
				GCC_WARN_UNDECLARED_SELECTOR = YES;
				GCC_WARN_UNINITIALIZED_AUTOS = YES_AGGRESSIVE;
				GCC_WARN_UNUSED_FUNCTION = YES;
				GCC_WARN_UNUSED_VARIABLE = YES;
				IPHONEOS_DEPLOYMENT_TARGET = 16.0;
				MTL_ENABLE_DEBUG_INFO = INCLUDE_SOURCE;
				MTL_FAST_MATH = YES;
				ONLY_ACTIVE_ARCH = YES;
				SDKROOT = iphoneos;
				SWIFT_ACTIVE_COMPILATION_CONDITIONS = DEBUG;
				SWIFT_OPTIMIZATION_LEVEL = "-Onone";
			};
			name = Debug;
		};
		99496ACF2907821400B1C23B /* Release */ = {
			isa = XCBuildConfiguration;
			buildSettings = {
				ALWAYS_SEARCH_USER_PATHS = NO;
				CLANG_ANALYZER_NONNULL = YES;
				CLANG_ANALYZER_NUMBER_OBJECT_CONVERSION = YES_AGGRESSIVE;
				CLANG_CXX_LANGUAGE_STANDARD = "gnu++20";
				CLANG_ENABLE_MODULES = YES;
				CLANG_ENABLE_OBJC_ARC = YES;
				CLANG_ENABLE_OBJC_WEAK = YES;
				CLANG_WARN_BLOCK_CAPTURE_AUTORELEASING = YES;
				CLANG_WARN_BOOL_CONVERSION = YES;
				CLANG_WARN_COMMA = YES;
				CLANG_WARN_CONSTANT_CONVERSION = YES;
				CLANG_WARN_DEPRECATED_OBJC_IMPLEMENTATIONS = YES;
				CLANG_WARN_DIRECT_OBJC_ISA_USAGE = YES_ERROR;
				CLANG_WARN_DOCUMENTATION_COMMENTS = YES;
				CLANG_WARN_EMPTY_BODY = YES;
				CLANG_WARN_ENUM_CONVERSION = YES;
				CLANG_WARN_INFINITE_RECURSION = YES;
				CLANG_WARN_INT_CONVERSION = YES;
				CLANG_WARN_NON_LITERAL_NULL_CONVERSION = YES;
				CLANG_WARN_OBJC_IMPLICIT_RETAIN_SELF = YES;
				CLANG_WARN_OBJC_LITERAL_CONVERSION = YES;
				CLANG_WARN_OBJC_ROOT_CLASS = YES_ERROR;
				CLANG_WARN_QUOTED_INCLUDE_IN_FRAMEWORK_HEADER = YES;
				CLANG_WARN_RANGE_LOOP_ANALYSIS = YES;
				CLANG_WARN_STRICT_PROTOTYPES = YES;
				CLANG_WARN_SUSPICIOUS_MOVE = YES;
				CLANG_WARN_UNGUARDED_AVAILABILITY = YES_AGGRESSIVE;
				CLANG_WARN_UNREACHABLE_CODE = YES;
				CLANG_WARN__DUPLICATE_METHOD_MATCH = YES;
				COPY_PHASE_STRIP = NO;
				DEBUG_INFORMATION_FORMAT = "dwarf-with-dsym";
				ENABLE_NS_ASSERTIONS = NO;
				ENABLE_STRICT_OBJC_MSGSEND = YES;
				GCC_C_LANGUAGE_STANDARD = gnu11;
				GCC_NO_COMMON_BLOCKS = YES;
				GCC_WARN_64_TO_32_BIT_CONVERSION = YES;
				GCC_WARN_ABOUT_RETURN_TYPE = YES_ERROR;
				GCC_WARN_UNDECLARED_SELECTOR = YES;
				GCC_WARN_UNINITIALIZED_AUTOS = YES_AGGRESSIVE;
				GCC_WARN_UNUSED_FUNCTION = YES;
				GCC_WARN_UNUSED_VARIABLE = YES;
				IPHONEOS_DEPLOYMENT_TARGET = 16.0;
				MTL_ENABLE_DEBUG_INFO = NO;
				MTL_FAST_MATH = YES;
				SDKROOT = iphoneos;
				SWIFT_COMPILATION_MODE = wholemodule;
				SWIFT_OPTIMIZATION_LEVEL = "-O";
				VALIDATE_PRODUCT = YES;
			};
			name = Release;
		};
		99496AD12907821400B1C23B /* Debug */ = {
			isa = XCBuildConfiguration;
			buildSettings = {
				ASSETCATALOG_COMPILER_APPICON_NAME = AppIcon;
				ASSETCATALOG_COMPILER_GLOBAL_ACCENT_COLOR_NAME = AccentColor;
				CODE_SIGN_STYLE = Automatic;
				CURRENT_PROJECT_VERSION = 1;
				DEVELOPMENT_ASSET_PATHS = "\"Chapter26Practice/Preview Content\"";
				ENABLE_PREVIEWS = YES;
				GENERATE_INFOPLIST_FILE = YES;
				INFOPLIST_KEY_UIApplicationSceneManifest_Generation = YES;
				INFOPLIST_KEY_UIApplicationSupportsIndirectInputEvents = YES;
				INFOPLIST_KEY_UILaunchScreen_Generation = YES;
				INFOPLIST_KEY_UISupportedInterfaceOrientations_iPad = "UIInterfaceOrientationPortrait UIInterfaceOrientationPortraitUpsideDown UIInterfaceOrientationLandscapeLeft UIInterfaceOrientationLandscapeRight";
				INFOPLIST_KEY_UISupportedInterfaceOrientations_iPhone = "UIInterfaceOrientationPortrait UIInterfaceOrientationLandscapeLeft UIInterfaceOrientationLandscapeRight";
				LD_RUNPATH_SEARCH_PATHS = (
					"$(inherited)",
					"@executable_path/Frameworks",
				);
				MARKETING_VERSION = 1.0;
				PRODUCT_BUNDLE_IDENTIFIER = com.codelion.Chapter26Practice;
				PRODUCT_NAME = "$(TARGET_NAME)";
				SWIFT_EMIT_LOC_STRINGS = YES;
				SWIFT_VERSION = 5.0;
				TARGETED_DEVICE_FAMILY = "1,2";
			};
			name = Debug;
		};
		99496AD22907821400B1C23B /* Release */ = {
			isa = XCBuildConfiguration;
			buildSettings = {
				ASSETCATALOG_COMPILER_APPICON_NAME = AppIcon;
				ASSETCATALOG_COMPILER_GLOBAL_ACCENT_COLOR_NAME = AccentColor;
				CODE_SIGN_STYLE = Automatic;
				CURRENT_PROJECT_VERSION = 1;
				DEVELOPMENT_ASSET_PATHS = "\"Chapter26Practice/Preview Content\"";
				ENABLE_PREVIEWS = YES;
				GENERATE_INFOPLIST_FILE = YES;
				INFOPLIST_KEY_UIApplicationSceneManifest_Generation = YES;
				INFOPLIST_KEY_UIApplicationSupportsIndirectInputEvents = YES;
				INFOPLIST_KEY_UILaunchScreen_Generation = YES;
				INFOPLIST_KEY_UISupportedInterfaceOrientations_iPad = "UIInterfaceOrientationPortrait UIInterfaceOrientationPortraitUpsideDown UIInterfaceOrientationLandscapeLeft UIInterfaceOrientationLandscapeRight";
				INFOPLIST_KEY_UISupportedInterfaceOrientations_iPhone = "UIInterfaceOrientationPortrait UIInterfaceOrientationLandscapeLeft UIInterfaceOrientationLandscapeRight";
				LD_RUNPATH_SEARCH_PATHS = (
					"$(inherited)",
					"@executable_path/Frameworks",
				);
				MARKETING_VERSION = 1.0;
				PRODUCT_BUNDLE_IDENTIFIER = com.codelion.Chapter26Practice;
				PRODUCT_NAME = "$(TARGET_NAME)";
				SWIFT_EMIT_LOC_STRINGS = YES;
				SWIFT_VERSION = 5.0;
				TARGETED_DEVICE_FAMILY = "1,2";
			};
			name = Release;
		};
/* End XCBuildConfiguration section */

/* Begin XCConfigurationList section */
		99496ABD2907821400B1C23B /* Build configuration list for PBXProject "Chapter26Practice" */ = {
			isa = XCConfigurationList;
			buildConfigurations = (
				99496ACE2907821400B1C23B /* Debug */,
				99496ACF2907821400B1C23B /* Release */,
			);
			defaultConfigurationIsVisible = 0;
			defaultConfigurationName = Release;
		};
		99496AD02907821400B1C23B /* Build configuration list for PBXNativeTarget "Chapter26Practice" */ = {
			isa = XCConfigurationList;
			buildConfigurations = (
				99496AD12907821400B1C23B /* Debug */,
				99496AD22907821400B1C23B /* Release */,
			);
			defaultConfigurationIsVisible = 0;
			defaultConfigurationName = Release;
		};
/* End XCConfigurationList section */
	};
	rootObject = 99496ABA2907821400B1C23B /* Project object */;
}
